
Microsoft Visual Studio Solution File, Format Version 12.00
Project("{FAE04EC0-301F-11D3-BF4B-00C04F79EFBC}") = "report_service", "report_service\report_service.csproj", "{BAF95398-7EDD-488E-AA4C-BC54CEF4097E}"
EndProject
Global
	GlobalSection(SolutionConfigurationPlatforms) = preSolution
		Debug|Any CPU = Debug|Any CPU
		Release|Any CPU = Release|Any CPU
	EndGlobalSection
	GlobalSection(ProjectConfigurationPlatforms) = postSolution
		{BAF95398-7EDD-488E-AA4C-BC54CEF4097E}.Debug|Any CPU.ActiveCfg = Debug|Any CPU
		{BAF95398-7EDD-488E-AA4C-BC54CEF4097E}.Debug|Any CPU.Build.0 = Debug|Any CPU
		{BAF95398-7EDD-488E-AA4C-BC54CEF4097E}.Release|Any CPU.ActiveCfg = Release|Any CPU
		{BAF95398-7EDD-488E-AA4C-BC54CEF4097E}.Release|Any CPU.Build.0 = Release|Any CPU
	EndGlobalSection
EndGlobal
